// !$*UTF8*$!
{
	archiveVersion = 1;
	classes = {
	};
	objectVersion = 56;
	objects = {

/* Begin PBXBuildFile section */
		6377FC9C2DC0337E008DF1C1 /* gameplayview.swift in Sources */ = {isa = PBXBuildFile; fileRef = 6377FC9B2DC0337E008DF1C1 /* gameplayview.swift */; };
		6377FC9E2DC034BA008DF1C1 /* leaderboardview.swift in Sources */ = {isa = PBXBuildFile; fileRef = 6377FC9D2DC034BA008DF1C1 /* leaderboardview.swift */; };
		6377FCA02DC034E7008DF1C1 /* fruitfactview.swift in Sources */ = {isa = PBXBuildFile; fileRef = 6377FC9F2DC034E7008DF1C1 /* fruitfactview.swift */; };
		6377FCA22DC03549008DF1C1 /* aboutview.swift in Sources */ = {isa = PBXBuildFile; fileRef = 6377FCA12DC03549008DF1C1 /* aboutview.swift */; };
		63EDAD922DBFF6F100D70BA3 /* Fruit_FinderApp.swift in Sources */ = {isa = PBXBuildFile; fileRef = 63EDAD912DBFF6F100D70BA3 /* Fruit_FinderApp.swift */; };
		63EDAD942DBFF6F100D70BA3 /* ContentView.swift in Sources */ = {isa = PBXBuildFile; fileRef = 63EDAD932DBFF6F100D70BA3 /* ContentView.swift */; };
		63EDAD962DBFF6F200D70BA3 /* Assets.xcassets in Resources */ = {isa = PBXBuildFile; fileRef = 63EDAD952DBFF6F200D70BA3 /* Assets.xcassets */; };
		63EDAD992DBFF6F200D70BA3 /* Preview Assets.xcassets in Resources */ = {isa = PBXBuildFile; fileRef = 63EDAD982DBFF6F200D70BA3 /* Preview Assets.xcassets */; };
/* End PBXBuildFile section */

/* Begin PBXFileReference section */
		6377FC9B2DC0337E008DF1C1 /* gameplayview.swift */ = {isa = PBXFileReference; lastKnownFileType = sourcecode.swift; path = gameplayview.swift; sourceTree = "<group>"; };
		6377FC9D2DC034BA008DF1C1 /* leaderboardview.swift */ = {isa = PBXFileReference; lastKnownFileType = sourcecode.swift; path = leaderboardview.swift; sourceTree = "<group>"; };
		6377FC9F2DC034E7008DF1C1 /* fruitfactview.swift */ = {isa = PBXFileReference; lastKnownFileType = sourcecode.swift; path = fruitfactview.swift; sourceTree = "<group>"; };
		6377FCA12DC03549008DF1C1 /* aboutview.swift */ = {isa = PBXFileReference; lastKnownFileType = sourcecode.swift; path = aboutview.swift; sourceTree = "<group>"; };
		63EDAD8E2DBFF6F100D70BA3 /* Fruit_Finder.app */ = {isa = PBXFileReference; explicitFileType = wrapper.application; includeInIndex = 0; path = Fruit_Finder.app; sourceTree = BUILT_PRODUCTS_DIR; };
		63EDAD912DBFF6F100D70BA3 /* Fruit_FinderApp.swift */ = {isa = PBXFileReference; lastKnownFileType = sourcecode.swift; path = Fruit_FinderApp.swift; sourceTree = "<group>"; };
		63EDAD932DBFF6F100D70BA3 /* ContentView.swift */ = {isa = PBXFileReference; lastKnownFileType = sourcecode.swift; path = ContentView.swift; sourceTree = "<group>"; };
		63EDAD952DBFF6F200D70BA3 /* Assets.xcassets */ = {isa = PBXFileReference; lastKnownFileType = folder.assetcatalog; path = Assets.xcassets; sourceTree = "<group>"; };
		63EDAD982DBFF6F200D70BA3 /* Preview Assets.xcassets */ = {isa = PBXFileReference; lastKnownFileType = folder.assetcatalog; path = "Preview Assets.xcassets"; sourceTree = "<group>"; };
/* End PBXFileReference section */

/* Begin PBXFrameworksBuildPhase section */
		63EDAD8B2DBFF6F100D70BA3 /* Frameworks */ = {
			isa = PBXFrameworksBuildPhase;
			buildActionMask = 2147483647;
			files = (
			);
			runOnlyForDeploymentPostprocessing = 0;
		};
/* End PBXFrameworksBuildPhase section */

/* Begin PBXGroup section */
		63EDAD852DBFF6F100D70BA3 = {
			isa = PBXGroup;
			children = (
				63EDAD902DBFF6F100D70BA3 /* Fruit_Finder */,
				63EDAD8F2DBFF6F100D70BA3 /* Products */,
			);
			sourceTree = "<group>";
		};
		63EDAD8F2DBFF6F100D70BA3 /* Products */ = {
			isa = PBXGroup;
			children = (
				63EDAD8E2DBFF6F100D70BA3 /* Fruit_Finder.app */,
			);
			name = Products;
			sourceTree = "<group>";
		};
		63EDAD902DBFF6F100D70BA3 /* Fruit_Finder */ = {
			isa = PBXGroup;
			children = (
				63EDAD912DBFF6F100D70BA3 /* Fruit_FinderApp.swift */,
				63EDAD932DBFF6F100D70BA3 /* ContentView.swift */,
				6377FC9D2DC034BA008DF1C1 /* leaderboardview.swift */,
				6377FC9B2DC0337E008DF1C1 /* gameplayview.swift */,
				6377FC9F2DC034E7008DF1C1 /* fruitfactview.swift */,
				6377FCA12DC03549008DF1C1 /* aboutview.swift */,
				63EDAD952DBFF6F200D70BA3 /* Assets.xcassets */,
				63EDAD972DBFF6F200D70BA3 /* Preview Content */,
			);
			path = Fruit_Finder;
			sourceTree = "<group>";
		};
		63EDAD972DBFF6F200D70BA3 /* Preview Content */ = {
			isa = PBXGroup;
			children = (
				63EDAD982DBFF6F200D70BA3 /* Preview Assets.xcassets */,
			);
			path = "Preview Content";
			sourceTree = "<group>";
		};
/* End PBXGroup section */

/* Begin PBXNativeTarget section */
		63EDAD8D2DBFF6F100D70BA3 /* Fruit_Finder */ = {
			isa = PBXNativeTarget;
			buildConfigurationList = 63EDAD9C2DBFF6F200D70BA3 /* Build configuration list for PBXNativeTarget "Fruit_Finder" */;
			buildPhases = (
				63EDAD8A2DBFF6F100D70BA3 /* Sources */,
				63EDAD8B2DBFF6F100D70BA3 /* Frameworks */,
				63EDAD8C2DBFF6F100D70BA3 /* Resources */,
			);
			buildRules = (
			);
			dependencies = (
			);
			name = Fruit_Finder;
			productName = Fruit_Finder;
			productReference = 63EDAD8E2DBFF6F100D70BA3 /* Fruit_Finder.app */;
			productType = "com.apple.product-type.application";
		};
/* End PBXNativeTarget section */

/* Begin PBXProject section */
		63EDAD862DBFF6F100D70BA3 /* Project object */ = {
			isa = PBXProject;
			attributes = {
				BuildIndependentTargetsInParallel = 1;
				LastSwiftUpdateCheck = 1520;
				LastUpgradeCheck = 1520;
				TargetAttributes = {
					63EDAD8D2DBFF6F100D70BA3 = {
						CreatedOnToolsVersion = 15.2;
					};
				};
			};
			buildConfigurationList = 63EDAD892DBFF6F100D70BA3 /* Build configuration list for PBXProject "Fruit_Finder" */;
			compatibilityVersion = "Xcode 14.0";
			developmentRegion = en;
			hasScannedForEncodings = 0;
			knownRegions = (
				en,
				Base,
			);
			mainGroup = 63EDAD852DBFF6F100D70BA3;
			productRefGroup = 63EDAD8F2DBFF6F100D70BA3 /* Products */;
			projectDirPath = "";
			projectRoot = "";
			targets = (
				63EDAD8D2DBFF6F100D70BA3 /* Fruit_Finder */,
			);
		};
/* End PBXProject section */

/* Begin PBXResourcesBuildPhase section */
		63EDAD8C2DBFF6F100D70BA3 /* Resources */ = {
			isa = PBXResourcesBuildPhase;
			buildActionMask = 2147483647;
			files = (
				63EDAD992DBFF6F200D70BA3 /* Preview Assets.xcassets in Resources */,
				63EDAD962DBFF6F200D70BA3 /* Assets.xcassets in Resources */,
			);
			runOnlyForDeploymentPostprocessing = 0;
		};
/* End PBXResourcesBuildPhase section */

/* Begin PBXSourcesBuildPhase section */
		63EDAD8A2DBFF6F100D70BA3 /* Sources */ = {
			isa = PBXSourcesBuildPhase;
			buildActionMask = 2147483647;
			files = (
				6377FC9E2DC034BA008DF1C1 /* leaderboardview.swift in Sources */,
				6377FC9C2DC0337E008DF1C1 /* gameplayview.swift in Sources */,
				63EDAD942DBFF6F100D70BA3 /* ContentView.swift in Sources */,
				6377FCA02DC034E7008DF1C1 /* fruitfactview.swift in Sources */,
				6377FCA22DC03549008DF1C1 /* aboutview.swift in Sources */,
				63EDAD922DBFF6F100D70BA3 /* Fruit_FinderApp.swift in Sources */,
			);
			runOnlyForDeploymentPostprocessing = 0;
		};
/* End PBXSourcesBuildPhase section */

/* Begin XCBuildConfiguration section */
		63EDAD9A2DBFF6F200D70BA3 /* Debug */ = {
			isa = XCBuildConfiguration;
			buildSettings = {
				ALWAYS_SEARCH_USER_PATHS = NO;
				ASSETCATALOG_COMPILER_GENERATE_SWIFT_ASSET_SYMBOL_EXTENSIONS = YES;
				CLANG_ANALYZER_NONNULL = YES;
				CLANG_ANALYZER_NUMBER_OBJECT_CONVERSION = YES_AGGRESSIVE;
				CLANG_CXX_LANGUAGE_STANDARD = "gnu++20";
				CLANG_ENABLE_MODULES = YES;
				CLANG_ENABLE_OBJC_ARC = YES;
				CLANG_ENABLE_OBJC_WEAK = YES;
				CLANG_WARN_BLOCK_CAPTURE_AUTORELEASING = YES;
				CLANG_WARN_BOOL_CONVERSION = YES;
				CLANG_WARN_COMMA = YES;
				CLANG_WARN_CONSTANT_CONVERSION = YES;
				CLANG_WARN_DEPRECATED_OBJC_IMPLEMENTATIONS = YES;
				CLANG_WARN_DIRECT_OBJC_ISA_USAGE = YES_ERROR;
				CLANG_WARN_DOCUMENTATION_COMMENTS = YES;
				CLANG_WARN_EMPTY_BODY = YES;
				CLANG_WARN_ENUM_CONVERSION = YES;
				CLANG_WARN_INFINITE_RECURSION = YES;
				CLANG_WARN_INT_CONVERSION = YES;
				CLANG_WARN_NON_LITERAL_NULL_CONVERSION = YES;
				CLANG_WARN_OBJC_IMPLICIT_RETAIN_SELF = YES;
				CLANG_WARN_OBJC_LITERAL_CONVERSION = YES;
				CLANG_WARN_OBJC_ROOT_CLASS = YES_ERROR;
				CLANG_WARN_QUOTED_INCLUDE_IN_FRAMEWORK_HEADER = YES;
				CLANG_WARN_RANGE_LOOP_ANALYSIS = YES;
				CLANG_WARN_STRICT_PROTOTYPES = YES;
				CLANG_WARN_SUSPICIOUS_MOVE = YES;
				CLANG_WARN_UNGUARDED_AVAILABILITY = YES_AGGRESSIVE;
				CLANG_WARN_UNREACHABLE_CODE = YES;
				CLANG_WARN__DUPLICATE_METHOD_MATCH = YES;
				COPY_PHASE_STRIP = NO;
				DEBUG_INFORMATION_FORMAT = dwarf;
				ENABLE_STRICT_OBJC_MSGSEND = YES;
				ENABLE_TESTABILITY = YES;
				ENABLE_USER_SCRIPT_SANDBOXING = YES;
				GCC_C_LANGUAGE_STANDARD = gnu17;
				GCC_DYNAMIC_NO_PIC = NO;
				GCC_NO_COMMON_BLOCKS = YES;
				GCC_OPTIMIZATION_LEVEL = 0;
				GCC_PREPROCESSOR_DEFINITIONS = (
					"DEBUG=1",
					"$(inherited)",
				);
				GCC_WARN_64_TO_32_BIT_CONVERSION = YES;
				GCC_WARN_ABOUT_RETURN_TYPE = YES_ERROR;
				GCC_WARN_UNDECLARED_SELECTOR = YES;
				GCC_WARN_UNINITIALIZED_AUTOS = YES_AGGRESSIVE;
				GCC_WARN_UNUSED_FUNCTION = YES;
				GCC_WARN_UNUSED_VARIABLE = YES;
				IPHONEOS_DEPLOYMENT_TARGET = 17.2;
				LOCALIZATION_PREFERS_STRING_CATALOGS = YES;
				MTL_ENABLE_DEBUG_INFO = INCLUDE_SOURCE;
				MTL_FAST_MATH = YES;
				ONLY_ACTIVE_ARCH = YES;
				SDKROOT = iphoneos;
				SWIFT_ACTIVE_COMPILATION_CONDITIONS = "DEBUG $(inherited)";
				SWIFT_OPTIMIZATION_LEVEL = "-Onone";
			};
			name = Debug;
		};
		63EDAD9B2DBFF6F200D70BA3 /* Release */ = {
			isa = XCBuildConfiguration;
			buildSettings = {
				ALWAYS_SEARCH_USER_PATHS = NO;
				ASSETCATALOG_COMPILER_GENERATE_SWIFT_ASSET_SYMBOL_EXTENSIONS = YES;
				CLANG_ANALYZER_NONNULL = YES;
				CLANG_ANALYZER_NUMBER_OBJECT_CONVERSION = YES_AGGRESSIVE;
				CLANG_CXX_LANGUAGE_STANDARD = "gnu++20";
				CLANG_ENABLE_MODULES = YES;
				CLANG_ENABLE_OBJC_ARC = YES;
				CLANG_ENABLE_OBJC_WEAK = YES;
				CLANG_WARN_BLOCK_CAPTURE_AUTORELEASING = YES;
				CLANG_WARN_BOOL_CONVERSION = YES;
				CLANG_WARN_COMMA = YES;
				CLANG_WARN_CONSTANT_CONVERSION = YES;
				CLANG_WARN_DEPRECATED_OBJC_IMPLEMENTATIONS = YES;
				CLANG_WARN_DIRECT_OBJC_ISA_USAGE = YES_ERROR;
				CLANG_WARN_DOCUMENTATION_COMMENTS = YES;
				CLANG_WARN_EMPTY_BODY = YES;
				CLANG_WARN_ENUM_CONVERSION = YES;
				CLANG_WARN_INFINITE_RECURSION = YES;
				CLANG_WARN_INT_CONVERSION = YES;
				CLANG_WARN_NON_LITERAL_NULL_CONVERSION = YES;
				CLANG_WARN_OBJC_IMPLICIT_RETAIN_SELF = YES;
				CLANG_WARN_OBJC_LITERAL_CONVERSION = YES;
				CLANG_WARN_OBJC_ROOT_CLASS = YES_ERROR;
				CLANG_WARN_QUOTED_INCLUDE_IN_FRAMEWORK_HEADER = YES;
				CLANG_WARN_RANGE_LOOP_ANALYSIS = YES;
				CLANG_WARN_STRICT_PROTOTYPES = YES;
				CLANG_WARN_SUSPICIOUS_MOVE = YES;
				CLANG_WARN_UNGUARDED_AVAILABILITY = YES_AGGRESSIVE;
				CLANG_WARN_UNREACHABLE_CODE = YES;
				CLANG_WARN__DUPLICATE_METHOD_MATCH = YES;
				COPY_PHASE_STRIP = NO;
				DEBUG_INFORMATION_FORMAT = "dwarf-with-dsym";
				ENABLE_NS_ASSERTIONS = NO;
				ENABLE_STRICT_OBJC_MSGSEND = YES;
				ENABLE_USER_SCRIPT_SANDBOXING = YES;
				GCC_C_LANGUAGE_STANDARD = gnu17;
				GCC_NO_COMMON_BLOCKS = YES;
				GCC_WARN_64_TO_32_BIT_CONVERSION = YES;
				GCC_WARN_ABOUT_RETURN_TYPE = YES_ERROR;
				GCC_WARN_UNDECLARED_SELECTOR = YES;
				GCC_WARN_UNINITIALIZED_AUTOS = YES_AGGRESSIVE;
				GCC_WARN_UNUSED_FUNCTION = YES;
				GCC_WARN_UNUSED_VARIABLE = YES;
				IPHONEOS_DEPLOYMENT_TARGET = 17.2;
				LOCALIZATION_PREFERS_STRING_CATALOGS = YES;
				MTL_ENABLE_DEBUG_INFO = NO;
				MTL_FAST_MATH = YES;
				SDKROOT = iphoneos;
				SWIFT_COMPILATION_MODE = wholemodule;
				VALIDATE_PRODUCT = YES;
			};
			name = Release;
		};
		63EDAD9D2DBFF6F200D70BA3 /* Debug */ = {
			isa = XCBuildConfiguration;
			buildSettings = {
				ASSETCATALOG_COMPILER_APPICON_NAME = AppIcon;
				ASSETCATALOG_COMPILER_GLOBAL_ACCENT_COLOR_NAME = AccentColor;
				CODE_SIGN_STYLE = Automatic;
				CURRENT_PROJECT_VERSION = 1;
				DEVELOPMENT_ASSET_PATHS = "\"Fruit_Finder/Preview Content\"";
				DEVELOPMENT_TEAM = 5C9G2GTFKX;
				ENABLE_PREVIEWS = YES;
				GENERATE_INFOPLIST_FILE = YES;
				INFOPLIST_KEY_UIApplicationSceneManifest_Generation = YES;
				INFOPLIST_KEY_UIApplicationSupportsIndirectInputEvents = YES;
				INFOPLIST_KEY_UILaunchScreen_Generation = YES;
				INFOPLIST_KEY_UISupportedInterfaceOrientations_iPad = "UIInterfaceOrientationPortrait UIInterfaceOrientationPortraitUpsideDown UIInterfaceOrientationLandscapeLeft UIInterfaceOrientationLandscapeRight";
				INFOPLIST_KEY_UISupportedInterfaceOrientations_iPhone = "UIInterfaceOrientationPortrait UIInterfaceOrientationLandscapeLeft UIInterfaceOrientationLandscapeRight";
				IPHONEOS_DEPLOYMENT_TARGET = 16.0;
				LD_RUNPATH_SEARCH_PATHS = (
					"$(inherited)",
					"@executable_path/Frameworks",
				);
				MARKETING_VERSION = 1.0;
				PRODUCT_BUNDLE_IDENTIFIER = "practice.Fruit-Finder";
				PRODUCT_NAME = "$(TARGET_NAME)";
				SWIFT_EMIT_LOC_STRINGS = YES;
				SWIFT_VERSION = 5.0;
				TARGETED_DEVICE_FAMILY = "1,2";
			};
			name = Debug;
		};
		63EDAD9E2DBFF6F200D70BA3 /* Release */ = {
			isa = XCBuildConfiguration;
			buildSettings = {
				ASSETCATALOG_COMPILER_APPICON_NAME = AppIcon;
				ASSETCATALOG_COMPILER_GLOBAL_ACCENT_COLOR_NAME = AccentColor;
				CODE_SIGN_STYLE = Automatic;
				CURRENT_PROJECT_VERSION = 1;
				DEVELOPMENT_ASSET_PATHS = "\"Fruit_Finder/Preview Content\"";
				DEVELOPMENT_TEAM = 5C9G2GTFKX;
				ENABLE_PREVIEWS = YES;
				GENERATE_INFOPLIST_FILE = YES;
				INFOPLIST_KEY_UIApplicationSceneManifest_Generation = YES;
				INFOPLIST_KEY_UIApplicationSupportsIndirectInputEvents = YES;
				INFOPLIST_KEY_UILaunchScreen_Generation = YES;
				INFOPLIST_KEY_UISupportedInterfaceOrientations_iPad = "UIInterfaceOrientationPortrait UIInterfaceOrientationPortraitUpsideDown UIInterfaceOrientationLandscapeLeft UIInterfaceOrientationLandscapeRight";
				INFOPLIST_KEY_UISupportedInterfaceOrientations_iPhone = "UIInterfaceOrientationPortrait UIInterfaceOrientationLandscapeLeft UIInterfaceOrientationLandscapeRight";
				IPHONEOS_DEPLOYMENT_TARGET = 16.0;
				LD_RUNPATH_SEARCH_PATHS = (
					"$(inherited)",
					"@executable_path/Frameworks",
				);
				MARKETING_VERSION = 1.0;
				PRODUCT_BUNDLE_IDENTIFIER = "practice.Fruit-Finder";
				PRODUCT_NAME = "$(TARGET_NAME)";
				SWIFT_EMIT_LOC_STRINGS = YES;
				SWIFT_VERSION = 5.0;
				TARGETED_DEVICE_FAMILY = "1,2";
			};
			name = Release;
		};
/* End XCBuildConfiguration section */

/* Begin XCConfigurationList section */
		63EDAD892DBFF6F100D70BA3 /* Build configuration list for PBXProject "Fruit_Finder" */ = {
			isa = XCConfigurationList;
			buildConfigurations = (
				63EDAD9A2DBFF6F200D70BA3 /* Debug */,
				63EDAD9B2DBFF6F200D70BA3 /* Release */,
			);
			defaultConfigurationIsVisible = 0;
			defaultConfigurationName = Release;
		};
		63EDAD9C2DBFF6F200D70BA3 /* Build configuration list for PBXNativeTarget "Fruit_Finder" */ = {
			isa = XCConfigurationList;
			buildConfigurations = (
				63EDAD9D2DBFF6F200D70BA3 /* Debug */,
				63EDAD9E2DBFF6F200D70BA3 /* Release */,
			);
			defaultConfigurationIsVisible = 0;
			defaultConfigurationName = Release;
		};
/* End XCConfigurationList section */
	};
	rootObject = 63EDAD862DBFF6F100D70BA3 /* Project object */;
}
